// !$*UTF8*$!
{
	archiveVersion = 1;
	classes = {
	};
	objectVersion = 55;
	objects = {

/* Begin PBXBuildFile section */
		D91DCFEA286A0583002D949F /* SnowSeekerApp.swift in Sources */ = {isa = PBXBuildFile; fileRef = D91DCFE9286A0583002D949F /* SnowSeekerApp.swift */; };
		D91DCFEC286A0583002D949F /* ContentView.swift in Sources */ = {isa = PBXBuildFile; fileRef = D91DCFEB286A0583002D949F /* ContentView.swift */; };
		D91DCFEE286A0586002D949F /* Assets.xcassets in Resources */ = {isa = PBXBuildFile; fileRef = D91DCFED286A0586002D949F /* Assets.xcassets */; };
		D91DCFF1286A0586002D949F /* Preview Assets.xcassets in Resources */ = {isa = PBXBuildFile; fileRef = D91DCFF0286A0586002D949F /* Preview Assets.xcassets */; };
		D91DCFF8286A05E7002D949F /* ExamplesView.swift in Sources */ = {isa = PBXBuildFile; fileRef = D91DCFF7286A05E7002D949F /* ExamplesView.swift */; };
		D96AF57A286B9449006F21F0 /* resorts.json in Resources */ = {isa = PBXBuildFile; fileRef = D96AF579286B9449006F21F0 /* resorts.json */; };
		D96AF57C286B94D3006F21F0 /* Resort.swift in Sources */ = {isa = PBXBuildFile; fileRef = D96AF57B286B94D3006F21F0 /* Resort.swift */; };
		D96AF57E286B9592006F21F0 /* Bundle-Decodable.swift in Sources */ = {isa = PBXBuildFile; fileRef = D96AF57D286B9592006F21F0 /* Bundle-Decodable.swift */; };
		D975CE83286B980600F80109 /* WelcomeView.swift in Sources */ = {isa = PBXBuildFile; fileRef = D975CE82286B980600F80109 /* WelcomeView.swift */; };
		D975CE85286B9A3600F80109 /* ResortView.swift in Sources */ = {isa = PBXBuildFile; fileRef = D975CE84286B9A3600F80109 /* ResortView.swift */; };
		D975CE87286B9B3700F80109 /* SkiDetailsView.swift in Sources */ = {isa = PBXBuildFile; fileRef = D975CE86286B9B3700F80109 /* SkiDetailsView.swift */; };
		D975CE89286B9BDC00F80109 /* ResortDetailsView.swift in Sources */ = {isa = PBXBuildFile; fileRef = D975CE88286B9BDC00F80109 /* ResortDetailsView.swift */; };
		D9B68B56286C4BB9001D530C /* Facility.swift in Sources */ = {isa = PBXBuildFile; fileRef = D9B68B55286C4BB9001D530C /* Facility.swift */; };
		D9B68B58286C4EFC001D530C /* Favourites.swift in Sources */ = {isa = PBXBuildFile; fileRef = D9B68B57286C4EFC001D530C /* Favourites.swift */; };
/* End PBXBuildFile section */

/* Begin PBXFileReference section */
		D91DCFE6286A0583002D949F /* SnowSeeker.app */ = {isa = PBXFileReference; explicitFileType = wrapper.application; includeInIndex = 0; path = SnowSeeker.app; sourceTree = BUILT_PRODUCTS_DIR; };
		D91DCFE9286A0583002D949F /* SnowSeekerApp.swift */ = {isa = PBXFileReference; lastKnownFileType = sourcecode.swift; path = SnowSeekerApp.swift; sourceTree = "<group>"; };
		D91DCFEB286A0583002D949F /* ContentView.swift */ = {isa = PBXFileReference; lastKnownFileType = sourcecode.swift; path = ContentView.swift; sourceTree = "<group>"; };
		D91DCFED286A0586002D949F /* Assets.xcassets */ = {isa = PBXFileReference; lastKnownFileType = folder.assetcatalog; path = Assets.xcassets; sourceTree = "<group>"; };
		D91DCFF0286A0586002D949F /* Preview Assets.xcassets */ = {isa = PBXFileReference; lastKnownFileType = folder.assetcatalog; path = "Preview Assets.xcassets"; sourceTree = "<group>"; };
		D91DCFF7286A05E7002D949F /* ExamplesView.swift */ = {isa = PBXFileReference; lastKnownFileType = sourcecode.swift; path = ExamplesView.swift; sourceTree = "<group>"; };
		D96AF579286B9449006F21F0 /* resorts.json */ = {isa = PBXFileReference; fileEncoding = 4; lastKnownFileType = text.json; path = resorts.json; sourceTree = "<group>"; };
		D96AF57B286B94D3006F21F0 /* Resort.swift */ = {isa = PBXFileReference; lastKnownFileType = sourcecode.swift; path = Resort.swift; sourceTree = "<group>"; };
		D96AF57D286B9592006F21F0 /* Bundle-Decodable.swift */ = {isa = PBXFileReference; lastKnownFileType = sourcecode.swift; path = "Bundle-Decodable.swift"; sourceTree = "<group>"; };
		D975CE82286B980600F80109 /* WelcomeView.swift */ = {isa = PBXFileReference; lastKnownFileType = sourcecode.swift; path = WelcomeView.swift; sourceTree = "<group>"; };
		D975CE84286B9A3600F80109 /* ResortView.swift */ = {isa = PBXFileReference; lastKnownFileType = sourcecode.swift; path = ResortView.swift; sourceTree = "<group>"; };
		D975CE86286B9B3700F80109 /* SkiDetailsView.swift */ = {isa = PBXFileReference; lastKnownFileType = sourcecode.swift; path = SkiDetailsView.swift; sourceTree = "<group>"; };
		D975CE88286B9BDC00F80109 /* ResortDetailsView.swift */ = {isa = PBXFileReference; lastKnownFileType = sourcecode.swift; path = ResortDetailsView.swift; sourceTree = "<group>"; };
		D9B68B55286C4BB9001D530C /* Facility.swift */ = {isa = PBXFileReference; lastKnownFileType = sourcecode.swift; path = Facility.swift; sourceTree = "<group>"; };
		D9B68B57286C4EFC001D530C /* Favourites.swift */ = {isa = PBXFileReference; lastKnownFileType = sourcecode.swift; path = Favourites.swift; sourceTree = "<group>"; };
/* End PBXFileReference section */

/* Begin PBXFrameworksBuildPhase section */
		D91DCFE3286A0583002D949F /* Frameworks */ = {
			isa = PBXFrameworksBuildPhase;
			buildActionMask = 2147483647;
			files = (
			);
			runOnlyForDeploymentPostprocessing = 0;
		};
/* End PBXFrameworksBuildPhase section */

/* Begin PBXGroup section */
		D91DCFDD286A0583002D949F = {
			isa = PBXGroup;
			children = (
				D91DCFE8286A0583002D949F /* SnowSeeker */,
				D91DCFE7286A0583002D949F /* Products */,
			);
			sourceTree = "<group>";
		};
		D91DCFE7286A0583002D949F /* Products */ = {
			isa = PBXGroup;
			children = (
				D91DCFE6286A0583002D949F /* SnowSeeker.app */,
			);
			name = Products;
			sourceTree = "<group>";
		};
		D91DCFE8286A0583002D949F /* SnowSeeker */ = {
			isa = PBXGroup;
			children = (
				D9B68B57286C4EFC001D530C /* Favourites.swift */,
				D91DCFE9286A0583002D949F /* SnowSeekerApp.swift */,
				D91DCFEB286A0583002D949F /* ContentView.swift */,
				D975CE86286B9B3700F80109 /* SkiDetailsView.swift */,
				D975CE88286B9BDC00F80109 /* ResortDetailsView.swift */,
				D91DCFED286A0586002D949F /* Assets.xcassets */,
				D91DCFEF286A0586002D949F /* Preview Content */,
				D91DCFF7286A05E7002D949F /* ExamplesView.swift */,
				D96AF579286B9449006F21F0 /* resorts.json */,
				D96AF57B286B94D3006F21F0 /* Resort.swift */,
				D96AF57D286B9592006F21F0 /* Bundle-Decodable.swift */,
				D975CE82286B980600F80109 /* WelcomeView.swift */,
				D975CE84286B9A3600F80109 /* ResortView.swift */,
				D9B68B55286C4BB9001D530C /* Facility.swift */,
			);
			path = SnowSeeker;
			sourceTree = "<group>";
		};
		D91DCFEF286A0586002D949F /* Preview Content */ = {
			isa = PBXGroup;
			children = (
				D91DCFF0286A0586002D949F /* Preview Assets.xcassets */,
			);
			path = "Preview Content";
			sourceTree = "<group>";
		};
/* End PBXGroup section */

/* Begin PBXNativeTarget section */
		D91DCFE5286A0583002D949F /* SnowSeeker */ = {
			isa = PBXNativeTarget;
			buildConfigurationList = D91DCFF4286A0586002D949F /* Build configuration list for PBXNativeTarget "SnowSeeker" */;
			buildPhases = (
				D91DCFE2286A0583002D949F /* Sources */,
				D91DCFE3286A0583002D949F /* Frameworks */,
				D91DCFE4286A0583002D949F /* Resources */,
			);
			buildRules = (
			);
			dependencies = (
			);
			name = SnowSeeker;
			productName = SnowSeeker;
			productReference = D91DCFE6286A0583002D949F /* SnowSeeker.app */;
			productType = "com.apple.product-type.application";
		};
/* End PBXNativeTarget section */

/* Begin PBXProject section */
		D91DCFDE286A0583002D949F /* Project object */ = {
			isa = PBXProject;
			attributes = {
				BuildIndependentTargetsInParallel = 1;
				LastSwiftUpdateCheck = 1340;
				LastUpgradeCheck = 1340;
				TargetAttributes = {
					D91DCFE5286A0583002D949F = {
						CreatedOnToolsVersion = 13.4.1;
					};
				};
			};
			buildConfigurationList = D91DCFE1286A0583002D949F /* Build configuration list for PBXProject "SnowSeeker" */;
			compatibilityVersion = "Xcode 13.0";
			developmentRegion = en;
			hasScannedForEncodings = 0;
			knownRegions = (
				en,
				Base,
			);
			mainGroup = D91DCFDD286A0583002D949F;
			productRefGroup = D91DCFE7286A0583002D949F /* Products */;
			projectDirPath = "";
			projectRoot = "";
			targets = (
				D91DCFE5286A0583002D949F /* SnowSeeker */,
			);
		};
/* End PBXProject section */

/* Begin PBXResourcesBuildPhase section */
		D91DCFE4286A0583002D949F /* Resources */ = {
			isa = PBXResourcesBuildPhase;
			buildActionMask = 2147483647;
			files = (
				D96AF57A286B9449006F21F0 /* resorts.json in Resources */,
				D91DCFF1286A0586002D949F /* Preview Assets.xcassets in Resources */,
				D91DCFEE286A0586002D949F /* Assets.xcassets in Resources */,
			);
			runOnlyForDeploymentPostprocessing = 0;
		};
/* End PBXResourcesBuildPhase section */

/* Begin PBXSourcesBuildPhase section */
		D91DCFE2286A0583002D949F /* Sources */ = {
			isa = PBXSourcesBuildPhase;
			buildActionMask = 2147483647;
			files = (
				D91DCFF8286A05E7002D949F /* ExamplesView.swift in Sources */,
				D975CE83286B980600F80109 /* WelcomeView.swift in Sources */,
				D9B68B56286C4BB9001D530C /* Facility.swift in Sources */,
				D91DCFEC286A0583002D949F /* ContentView.swift in Sources */,
				D975CE85286B9A3600F80109 /* ResortView.swift in Sources */,
				D96AF57E286B9592006F21F0 /* Bundle-Decodable.swift in Sources */,
				D96AF57C286B94D3006F21F0 /* Resort.swift in Sources */,
				D9B68B58286C4EFC001D530C /* Favourites.swift in Sources */,
				D975CE89286B9BDC00F80109 /* ResortDetailsView.swift in Sources */,
				D91DCFEA286A0583002D949F /* SnowSeekerApp.swift in Sources */,
				D975CE87286B9B3700F80109 /* SkiDetailsView.swift in Sources */,
			);
			runOnlyForDeploymentPostprocessing = 0;
		};
/* End PBXSourcesBuildPhase section */

/* Begin XCBuildConfiguration section */
		D91DCFF2286A0586002D949F /* Debug */ = {
			isa = XCBuildConfiguration;
			buildSettings = {
				ALWAYS_SEARCH_USER_PATHS = NO;
				CLANG_ANALYZER_NONNULL = YES;
				CLANG_ANALYZER_NUMBER_OBJECT_CONVERSION = YES_AGGRESSIVE;
				CLANG_CXX_LANGUAGE_STANDARD = "gnu++17";
				CLANG_ENABLE_MODULES = YES;
				CLANG_ENABLE_OBJC_ARC = YES;
				CLANG_ENABLE_OBJC_WEAK = YES;
				CLANG_WARN_BLOCK_CAPTURE_AUTORELEASING = YES;
				CLANG_WARN_BOOL_CONVERSION = YES;
				CLANG_WARN_COMMA = YES;
				CLANG_WARN_CONSTANT_CONVERSION = YES;
				CLANG_WARN_DEPRECATED_OBJC_IMPLEMENTATIONS = YES;
				CLANG_WARN_DIRECT_OBJC_ISA_USAGE = YES_ERROR;
				CLANG_WARN_DOCUMENTATION_COMMENTS = YES;
				CLANG_WARN_EMPTY_BODY = YES;
				CLANG_WARN_ENUM_CONVERSION = YES;
				CLANG_WARN_INFINITE_RECURSION = YES;
				CLANG_WARN_INT_CONVERSION = YES;
				CLANG_WARN_NON_LITERAL_NULL_CONVERSION = YES;
				CLANG_WARN_OBJC_IMPLICIT_RETAIN_SELF = YES;
				CLANG_WARN_OBJC_LITERAL_CONVERSION = YES;
				CLANG_WARN_OBJC_ROOT_CLASS = YES_ERROR;
				CLANG_WARN_QUOTED_INCLUDE_IN_FRAMEWORK_HEADER = YES;
				CLANG_WARN_RANGE_LOOP_ANALYSIS = YES;
				CLANG_WARN_STRICT_PROTOTYPES = YES;
				CLANG_WARN_SUSPICIOUS_MOVE = YES;
				CLANG_WARN_UNGUARDED_AVAILABILITY = YES_AGGRESSIVE;
				CLANG_WARN_UNREACHABLE_CODE = YES;
				CLANG_WARN__DUPLICATE_METHOD_MATCH = YES;
				COPY_PHASE_STRIP = NO;
				DEBUG_INFORMATION_FORMAT = dwarf;
				ENABLE_STRICT_OBJC_MSGSEND = YES;
				ENABLE_TESTABILITY = YES;
				GCC_C_LANGUAGE_STANDARD = gnu11;
				GCC_DYNAMIC_NO_PIC = NO;
				GCC_NO_COMMON_BLOCKS = YES;
				GCC_OPTIMIZATION_LEVEL = 0;
				GCC_PREPROCESSOR_DEFINITIONS = (
					"DEBUG=1",
					"$(inherited)",
				);
				GCC_WARN_64_TO_32_BIT_CONVERSION = YES;
				GCC_WARN_ABOUT_RETURN_TYPE = YES_ERROR;
				GCC_WARN_UNDECLARED_SELECTOR = YES;
				GCC_WARN_UNINITIALIZED_AUTOS = YES_AGGRESSIVE;
				GCC_WARN_UNUSED_FUNCTION = YES;
				GCC_WARN_UNUSED_VARIABLE = YES;
				IPHONEOS_DEPLOYMENT_TARGET = 15.5;
				MTL_ENABLE_DEBUG_INFO = INCLUDE_SOURCE;
				MTL_FAST_MATH = YES;
				ONLY_ACTIVE_ARCH = YES;
				SDKROOT = iphoneos;
				SWIFT_ACTIVE_COMPILATION_CONDITIONS = DEBUG;
				SWIFT_OPTIMIZATION_LEVEL = "-Onone";
			};
			name = Debug;
		};
		D91DCFF3286A0586002D949F /* Release */ = {
			isa = XCBuildConfiguration;
			buildSettings = {
				ALWAYS_SEARCH_USER_PATHS = NO;
				CLANG_ANALYZER_NONNULL = YES;
				CLANG_ANALYZER_NUMBER_OBJECT_CONVERSION = YES_AGGRESSIVE;
				CLANG_CXX_LANGUAGE_STANDARD = "gnu++17";
				CLANG_ENABLE_MODULES = YES;
				CLANG_ENABLE_OBJC_ARC = YES;
				CLANG_ENABLE_OBJC_WEAK = YES;
				CLANG_WARN_BLOCK_CAPTURE_AUTORELEASING = YES;
				CLANG_WARN_BOOL_CONVERSION = YES;
				CLANG_WARN_COMMA = YES;
				CLANG_WARN_CONSTANT_CONVERSION = YES;
				CLANG_WARN_DEPRECATED_OBJC_IMPLEMENTATIONS = YES;
				CLANG_WARN_DIRECT_OBJC_ISA_USAGE = YES_ERROR;
				CLANG_WARN_DOCUMENTATION_COMMENTS = YES;
				CLANG_WARN_EMPTY_BODY = YES;
				CLANG_WARN_ENUM_CONVERSION = YES;
				CLANG_WARN_INFINITE_RECURSION = YES;
				CLANG_WARN_INT_CONVERSION = YES;
				CLANG_WARN_NON_LITERAL_NULL_CONVERSION = YES;
				CLANG_WARN_OBJC_IMPLICIT_RETAIN_SELF = YES;
				CLANG_WARN_OBJC_LITERAL_CONVERSION = YES;
				CLANG_WARN_OBJC_ROOT_CLASS = YES_ERROR;
				CLANG_WARN_QUOTED_INCLUDE_IN_FRAMEWORK_HEADER = YES;
				CLANG_WARN_RANGE_LOOP_ANALYSIS = YES;
				CLANG_WARN_STRICT_PROTOTYPES = YES;
				CLANG_WARN_SUSPICIOUS_MOVE = YES;
				CLANG_WARN_UNGUARDED_AVAILABILITY = YES_AGGRESSIVE;
				CLANG_WARN_UNREACHABLE_CODE = YES;
				CLANG_WARN__DUPLICATE_METHOD_MATCH = YES;
				COPY_PHASE_STRIP = NO;
				DEBUG_INFORMATION_FORMAT = "dwarf-with-dsym";
				ENABLE_NS_ASSERTIONS = NO;
				ENABLE_STRICT_OBJC_MSGSEND = YES;
				GCC_C_LANGUAGE_STANDARD = gnu11;
				GCC_NO_COMMON_BLOCKS = YES;
				GCC_WARN_64_TO_32_BIT_CONVERSION = YES;
				GCC_WARN_ABOUT_RETURN_TYPE = YES_ERROR;
				GCC_WARN_UNDECLARED_SELECTOR = YES;
				GCC_WARN_UNINITIALIZED_AUTOS = YES_AGGRESSIVE;
				GCC_WARN_UNUSED_FUNCTION = YES;
				GCC_WARN_UNUSED_VARIABLE = YES;
				IPHONEOS_DEPLOYMENT_TARGET = 15.5;
				MTL_ENABLE_DEBUG_INFO = NO;
				MTL_FAST_MATH = YES;
				SDKROOT = iphoneos;
				SWIFT_COMPILATION_MODE = wholemodule;
				SWIFT_OPTIMIZATION_LEVEL = "-O";
				VALIDATE_PRODUCT = YES;
			};
			name = Release;
		};
		D91DCFF5286A0586002D949F /* Debug */ = {
			isa = XCBuildConfiguration;
			buildSettings = {
				ASSETCATALOG_COMPILER_APPICON_NAME = AppIcon;
				ASSETCATALOG_COMPILER_GLOBAL_ACCENT_COLOR_NAME = AccentColor;
				CODE_SIGN_STYLE = Automatic;
				CURRENT_PROJECT_VERSION = 1;
				DEVELOPMENT_ASSET_PATHS = "\"SnowSeeker/Preview Content\"";
				DEVELOPMENT_TEAM = 57M7Y5G5X5;
				ENABLE_PREVIEWS = YES;
				GENERATE_INFOPLIST_FILE = YES;
				INFOPLIST_KEY_UIApplicationSceneManifest_Generation = YES;
				INFOPLIST_KEY_UIApplicationSupportsIndirectInputEvents = YES;
				INFOPLIST_KEY_UILaunchScreen_Generation = YES;
				INFOPLIST_KEY_UISupportedInterfaceOrientations_iPad = "UIInterfaceOrientationPortrait UIInterfaceOrientationPortraitUpsideDown UIInterfaceOrientationLandscapeLeft UIInterfaceOrientationLandscapeRight";
				INFOPLIST_KEY_UISupportedInterfaceOrientations_iPhone = "UIInterfaceOrientationPortrait UIInterfaceOrientationLandscapeLeft UIInterfaceOrientationLandscapeRight";
				LD_RUNPATH_SEARCH_PATHS = (
					"$(inherited)",
					"@executable_path/Frameworks",
				);
				MARKETING_VERSION = 1.0;
				PRODUCT_BUNDLE_IDENTIFIER = dev.asilva.SnowSeeker;
				PRODUCT_NAME = "$(TARGET_NAME)";
				SWIFT_EMIT_LOC_STRINGS = YES;
				SWIFT_VERSION = 5.0;
				TARGETED_DEVICE_FAMILY = "1,2";
			};
			name = Debug;
		};
		D91DCFF6286A0586002D949F /* Release */ = {
			isa = XCBuildConfiguration;
			buildSettings = {
				ASSETCATALOG_COMPILER_APPICON_NAME = AppIcon;
				ASSETCATALOG_COMPILER_GLOBAL_ACCENT_COLOR_NAME = AccentColor;
				CODE_SIGN_STYLE = Automatic;
				CURRENT_PROJECT_VERSION = 1;
				DEVELOPMENT_ASSET_PATHS = "\"SnowSeeker/Preview Content\"";
				DEVELOPMENT_TEAM = 57M7Y5G5X5;
				ENABLE_PREVIEWS = YES;
				GENERATE_INFOPLIST_FILE = YES;
				INFOPLIST_KEY_UIApplicationSceneManifest_Generation = YES;
				INFOPLIST_KEY_UIApplicationSupportsIndirectInputEvents = YES;
				INFOPLIST_KEY_UILaunchScreen_Generation = YES;
				INFOPLIST_KEY_UISupportedInterfaceOrientations_iPad = "UIInterfaceOrientationPortrait UIInterfaceOrientationPortraitUpsideDown UIInterfaceOrientationLandscapeLeft UIInterfaceOrientationLandscapeRight";
				INFOPLIST_KEY_UISupportedInterfaceOrientations_iPhone = "UIInterfaceOrientationPortrait UIInterfaceOrientationLandscapeLeft UIInterfaceOrientationLandscapeRight";
				LD_RUNPATH_SEARCH_PATHS = (
					"$(inherited)",
					"@executable_path/Frameworks",
				);
				MARKETING_VERSION = 1.0;
				PRODUCT_BUNDLE_IDENTIFIER = dev.asilva.SnowSeeker;
				PRODUCT_NAME = "$(TARGET_NAME)";
				SWIFT_EMIT_LOC_STRINGS = YES;
				SWIFT_VERSION = 5.0;
				TARGETED_DEVICE_FAMILY = "1,2";
			};
			name = Release;
		};
/* End XCBuildConfiguration section */

/* Begin XCConfigurationList section */
		D91DCFE1286A0583002D949F /* Build configuration list for PBXProject "SnowSeeker" */ = {
			isa = XCConfigurationList;
			buildConfigurations = (
				D91DCFF2286A0586002D949F /* Debug */,
				D91DCFF3286A0586002D949F /* Release */,
			);
			defaultConfigurationIsVisible = 0;
			defaultConfigurationName = Release;
		};
		D91DCFF4286A0586002D949F /* Build configuration list for PBXNativeTarget "SnowSeeker" */ = {
			isa = XCConfigurationList;
			buildConfigurations = (
				D91DCFF5286A0586002D949F /* Debug */,
				D91DCFF6286A0586002D949F /* Release */,
			);
			defaultConfigurationIsVisible = 0;
			defaultConfigurationName = Release;
		};
/* End XCConfigurationList section */
	};
	rootObject = D91DCFDE286A0583002D949F /* Project object */;
}
