// !$*UTF8*$!
{
	archiveVersion = 1;
	classes = {
	};
	objectVersion = 55;
	objects = {

/* Begin PBXBuildFile section */
		D9A11F22284A44D000957FE1 /* ContentView-ViewModel.swift in Sources */ = {isa = PBXBuildFile; fileRef = D9A11F21284A44D000957FE1 /* ContentView-ViewModel.swift */; };
		D9A11F24284A452F00957FE1 /* AddImageView-ViewModel.swift in Sources */ = {isa = PBXBuildFile; fileRef = D9A11F23284A452F00957FE1 /* AddImageView-ViewModel.swift */; };
		D9A11F26284A706500957FE1 /* DetailView.swift in Sources */ = {isa = PBXBuildFile; fileRef = D9A11F25284A706500957FE1 /* DetailView.swift */; };
		D9C288F72848A9BA00C051E6 /* PhotoMeetApp.swift in Sources */ = {isa = PBXBuildFile; fileRef = D9C288F62848A9BA00C051E6 /* PhotoMeetApp.swift */; };
		D9C288F92848A9BA00C051E6 /* ContentView.swift in Sources */ = {isa = PBXBuildFile; fileRef = D9C288F82848A9BA00C051E6 /* ContentView.swift */; };
		D9C288FB2848A9BD00C051E6 /* Assets.xcassets in Resources */ = {isa = PBXBuildFile; fileRef = D9C288FA2848A9BD00C051E6 /* Assets.xcassets */; };
		D9C288FE2848A9BD00C051E6 /* Preview Assets.xcassets in Resources */ = {isa = PBXBuildFile; fileRef = D9C288FD2848A9BD00C051E6 /* Preview Assets.xcassets */; };
		D9C289072848ABCA00C051E6 /* ImagePicker.swift in Sources */ = {isa = PBXBuildFile; fileRef = D9C289062848ABCA00C051E6 /* ImagePicker.swift */; };
		D9C289092848ADBA00C051E6 /* AddImageView.swift in Sources */ = {isa = PBXBuildFile; fileRef = D9C289082848ADBA00C051E6 /* AddImageView.swift */; };
		D9C2890D2848BCFC00C051E6 /* FileManager-Bundle.swift in Sources */ = {isa = PBXBuildFile; fileRef = D9C2890C2848BCFC00C051E6 /* FileManager-Bundle.swift */; };
		D9E302A32849FF1A000B1AE0 /* PhotoDescription.swift in Sources */ = {isa = PBXBuildFile; fileRef = D9E302A22849FF1A000B1AE0 /* PhotoDescription.swift */; };
/* End PBXBuildFile section */

/* Begin PBXFileReference section */
		D9A11F21284A44D000957FE1 /* ContentView-ViewModel.swift */ = {isa = PBXFileReference; lastKnownFileType = sourcecode.swift; path = "ContentView-ViewModel.swift"; sourceTree = "<group>"; };
		D9A11F23284A452F00957FE1 /* AddImageView-ViewModel.swift */ = {isa = PBXFileReference; lastKnownFileType = sourcecode.swift; path = "AddImageView-ViewModel.swift"; sourceTree = "<group>"; };
		D9A11F25284A706500957FE1 /* DetailView.swift */ = {isa = PBXFileReference; lastKnownFileType = sourcecode.swift; path = DetailView.swift; sourceTree = "<group>"; };
		D9C288F32848A9BA00C051E6 /* PhotoMeet.app */ = {isa = PBXFileReference; explicitFileType = wrapper.application; includeInIndex = 0; path = PhotoMeet.app; sourceTree = BUILT_PRODUCTS_DIR; };
		D9C288F62848A9BA00C051E6 /* PhotoMeetApp.swift */ = {isa = PBXFileReference; lastKnownFileType = sourcecode.swift; path = PhotoMeetApp.swift; sourceTree = "<group>"; };
		D9C288F82848A9BA00C051E6 /* ContentView.swift */ = {isa = PBXFileReference; lastKnownFileType = sourcecode.swift; path = ContentView.swift; sourceTree = "<group>"; };
		D9C288FA2848A9BD00C051E6 /* Assets.xcassets */ = {isa = PBXFileReference; lastKnownFileType = folder.assetcatalog; path = Assets.xcassets; sourceTree = "<group>"; };
		D9C288FD2848A9BD00C051E6 /* Preview Assets.xcassets */ = {isa = PBXFileReference; lastKnownFileType = folder.assetcatalog; path = "Preview Assets.xcassets"; sourceTree = "<group>"; };
		D9C289062848ABCA00C051E6 /* ImagePicker.swift */ = {isa = PBXFileReference; lastKnownFileType = sourcecode.swift; path = ImagePicker.swift; sourceTree = "<group>"; };
		D9C289082848ADBA00C051E6 /* AddImageView.swift */ = {isa = PBXFileReference; lastKnownFileType = sourcecode.swift; path = AddImageView.swift; sourceTree = "<group>"; };
		D9C2890C2848BCFC00C051E6 /* FileManager-Bundle.swift */ = {isa = PBXFileReference; lastKnownFileType = sourcecode.swift; path = "FileManager-Bundle.swift"; sourceTree = "<group>"; };
		D9E302A22849FF1A000B1AE0 /* PhotoDescription.swift */ = {isa = PBXFileReference; lastKnownFileType = sourcecode.swift; path = PhotoDescription.swift; sourceTree = "<group>"; };
/* End PBXFileReference section */

/* Begin PBXFrameworksBuildPhase section */
		D9C288F02848A9BA00C051E6 /* Frameworks */ = {
			isa = PBXFrameworksBuildPhase;
			buildActionMask = 2147483647;
			files = (
			);
			runOnlyForDeploymentPostprocessing = 0;
		};
/* End PBXFrameworksBuildPhase section */

/* Begin PBXGroup section */
		D9C288EA2848A9BA00C051E6 = {
			isa = PBXGroup;
			children = (
				D9C288F52848A9BA00C051E6 /* PhotoMeet */,
				D9C288F42848A9BA00C051E6 /* Products */,
			);
			sourceTree = "<group>";
		};
		D9C288F42848A9BA00C051E6 /* Products */ = {
			isa = PBXGroup;
			children = (
				D9C288F32848A9BA00C051E6 /* PhotoMeet.app */,
			);
			name = Products;
			sourceTree = "<group>";
		};
		D9C288F52848A9BA00C051E6 /* PhotoMeet */ = {
			isa = PBXGroup;
			children = (
				D9E302A12849FF0C000B1AE0 /* Models */,
				D9C289052848ABB500C051E6 /* OSServices */,
				D9C289042848AB6F00C051E6 /* Views */,
				D9C288FA2848A9BD00C051E6 /* Assets.xcassets */,
				D9C288F62848A9BA00C051E6 /* PhotoMeetApp.swift */,
				D9C288FC2848A9BD00C051E6 /* Preview Content */,
			);
			path = PhotoMeet;
			sourceTree = "<group>";
		};
		D9C288FC2848A9BD00C051E6 /* Preview Content */ = {
			isa = PBXGroup;
			children = (
				D9C288FD2848A9BD00C051E6 /* Preview Assets.xcassets */,
			);
			path = "Preview Content";
			sourceTree = "<group>";
		};
		D9C289042848AB6F00C051E6 /* Views */ = {
			isa = PBXGroup;
			children = (
				D9C288F82848A9BA00C051E6 /* ContentView.swift */,
				D9A11F21284A44D000957FE1 /* ContentView-ViewModel.swift */,
				D9C289082848ADBA00C051E6 /* AddImageView.swift */,
				D9A11F23284A452F00957FE1 /* AddImageView-ViewModel.swift */,
				D9A11F25284A706500957FE1 /* DetailView.swift */,
			);
			path = Views;
			sourceTree = "<group>";
		};
		D9C289052848ABB500C051E6 /* OSServices */ = {
			isa = PBXGroup;
			children = (
				D9C289062848ABCA00C051E6 /* ImagePicker.swift */,
				D9C2890C2848BCFC00C051E6 /* FileManager-Bundle.swift */,
			);
			path = OSServices;
			sourceTree = "<group>";
		};
		D9E302A12849FF0C000B1AE0 /* Models */ = {
			isa = PBXGroup;
			children = (
				D9E302A22849FF1A000B1AE0 /* PhotoDescription.swift */,
			);
			path = Models;
			sourceTree = "<group>";
		};
/* End PBXGroup section */

/* Begin PBXNativeTarget section */
		D9C288F22848A9BA00C051E6 /* PhotoMeet */ = {
			isa = PBXNativeTarget;
			buildConfigurationList = D9C289012848A9BD00C051E6 /* Build configuration list for PBXNativeTarget "PhotoMeet" */;
			buildPhases = (
				D9C288EF2848A9BA00C051E6 /* Sources */,
				D9C288F02848A9BA00C051E6 /* Frameworks */,
				D9C288F12848A9BA00C051E6 /* Resources */,
			);
			buildRules = (
			);
			dependencies = (
			);
			name = PhotoMeet;
			productName = PhotoMeet;
			productReference = D9C288F32848A9BA00C051E6 /* PhotoMeet.app */;
			productType = "com.apple.product-type.application";
		};
/* End PBXNativeTarget section */

/* Begin PBXProject section */
		D9C288EB2848A9BA00C051E6 /* Project object */ = {
			isa = PBXProject;
			attributes = {
				BuildIndependentTargetsInParallel = 1;
				LastSwiftUpdateCheck = 1340;
				LastUpgradeCheck = 1340;
				TargetAttributes = {
					D9C288F22848A9BA00C051E6 = {
						CreatedOnToolsVersion = 13.4;
					};
				};
			};
			buildConfigurationList = D9C288EE2848A9BA00C051E6 /* Build configuration list for PBXProject "PhotoMeet" */;
			compatibilityVersion = "Xcode 13.0";
			developmentRegion = en;
			hasScannedForEncodings = 0;
			knownRegions = (
				en,
				Base,
			);
			mainGroup = D9C288EA2848A9BA00C051E6;
			productRefGroup = D9C288F42848A9BA00C051E6 /* Products */;
			projectDirPath = "";
			projectRoot = "";
			targets = (
				D9C288F22848A9BA00C051E6 /* PhotoMeet */,
			);
		};
/* End PBXProject section */

/* Begin PBXResourcesBuildPhase section */
		D9C288F12848A9BA00C051E6 /* Resources */ = {
			isa = PBXResourcesBuildPhase;
			buildActionMask = 2147483647;
			files = (
				D9C288FE2848A9BD00C051E6 /* Preview Assets.xcassets in Resources */,
				D9C288FB2848A9BD00C051E6 /* Assets.xcassets in Resources */,
			);
			runOnlyForDeploymentPostprocessing = 0;
		};
/* End PBXResourcesBuildPhase section */

/* Begin PBXSourcesBuildPhase section */
		D9C288EF2848A9BA00C051E6 /* Sources */ = {
			isa = PBXSourcesBuildPhase;
			buildActionMask = 2147483647;
			files = (
				D9C289092848ADBA00C051E6 /* AddImageView.swift in Sources */,
				D9A11F26284A706500957FE1 /* DetailView.swift in Sources */,
				D9C2890D2848BCFC00C051E6 /* FileManager-Bundle.swift in Sources */,
				D9C289072848ABCA00C051E6 /* ImagePicker.swift in Sources */,
				D9C288F92848A9BA00C051E6 /* ContentView.swift in Sources */,
				D9C288F72848A9BA00C051E6 /* PhotoMeetApp.swift in Sources */,
				D9A11F22284A44D000957FE1 /* ContentView-ViewModel.swift in Sources */,
				D9E302A32849FF1A000B1AE0 /* PhotoDescription.swift in Sources */,
				D9A11F24284A452F00957FE1 /* AddImageView-ViewModel.swift in Sources */,
			);
			runOnlyForDeploymentPostprocessing = 0;
		};
/* End PBXSourcesBuildPhase section */

/* Begin XCBuildConfiguration section */
		D9C288FF2848A9BD00C051E6 /* Debug */ = {
			isa = XCBuildConfiguration;
			buildSettings = {
				ALWAYS_SEARCH_USER_PATHS = NO;
				CLANG_ANALYZER_NONNULL = YES;
				CLANG_ANALYZER_NUMBER_OBJECT_CONVERSION = YES_AGGRESSIVE;
				CLANG_CXX_LANGUAGE_STANDARD = "gnu++17";
				CLANG_ENABLE_MODULES = YES;
				CLANG_ENABLE_OBJC_ARC = YES;
				CLANG_ENABLE_OBJC_WEAK = YES;
				CLANG_WARN_BLOCK_CAPTURE_AUTORELEASING = YES;
				CLANG_WARN_BOOL_CONVERSION = YES;
				CLANG_WARN_COMMA = YES;
				CLANG_WARN_CONSTANT_CONVERSION = YES;
				CLANG_WARN_DEPRECATED_OBJC_IMPLEMENTATIONS = YES;
				CLANG_WARN_DIRECT_OBJC_ISA_USAGE = YES_ERROR;
				CLANG_WARN_DOCUMENTATION_COMMENTS = YES;
				CLANG_WARN_EMPTY_BODY = YES;
				CLANG_WARN_ENUM_CONVERSION = YES;
				CLANG_WARN_INFINITE_RECURSION = YES;
				CLANG_WARN_INT_CONVERSION = YES;
				CLANG_WARN_NON_LITERAL_NULL_CONVERSION = YES;
				CLANG_WARN_OBJC_IMPLICIT_RETAIN_SELF = YES;
				CLANG_WARN_OBJC_LITERAL_CONVERSION = YES;
				CLANG_WARN_OBJC_ROOT_CLASS = YES_ERROR;
				CLANG_WARN_QUOTED_INCLUDE_IN_FRAMEWORK_HEADER = YES;
				CLANG_WARN_RANGE_LOOP_ANALYSIS = YES;
				CLANG_WARN_STRICT_PROTOTYPES = YES;
				CLANG_WARN_SUSPICIOUS_MOVE = YES;
				CLANG_WARN_UNGUARDED_AVAILABILITY = YES_AGGRESSIVE;
				CLANG_WARN_UNREACHABLE_CODE = YES;
				CLANG_WARN__DUPLICATE_METHOD_MATCH = YES;
				COPY_PHASE_STRIP = NO;
				DEBUG_INFORMATION_FORMAT = dwarf;
				ENABLE_STRICT_OBJC_MSGSEND = YES;
				ENABLE_TESTABILITY = YES;
				GCC_C_LANGUAGE_STANDARD = gnu11;
				GCC_DYNAMIC_NO_PIC = NO;
				GCC_NO_COMMON_BLOCKS = YES;
				GCC_OPTIMIZATION_LEVEL = 0;
				GCC_PREPROCESSOR_DEFINITIONS = (
					"DEBUG=1",
					"$(inherited)",
				);
				GCC_WARN_64_TO_32_BIT_CONVERSION = YES;
				GCC_WARN_ABOUT_RETURN_TYPE = YES_ERROR;
				GCC_WARN_UNDECLARED_SELECTOR = YES;
				GCC_WARN_UNINITIALIZED_AUTOS = YES_AGGRESSIVE;
				GCC_WARN_UNUSED_FUNCTION = YES;
				GCC_WARN_UNUSED_VARIABLE = YES;
				IPHONEOS_DEPLOYMENT_TARGET = 15.5;
				MTL_ENABLE_DEBUG_INFO = INCLUDE_SOURCE;
				MTL_FAST_MATH = YES;
				ONLY_ACTIVE_ARCH = YES;
				SDKROOT = iphoneos;
				SWIFT_ACTIVE_COMPILATION_CONDITIONS = DEBUG;
				SWIFT_OPTIMIZATION_LEVEL = "-Onone";
			};
			name = Debug;
		};
		D9C289002848A9BD00C051E6 /* Release */ = {
			isa = XCBuildConfiguration;
			buildSettings = {
				ALWAYS_SEARCH_USER_PATHS = NO;
				CLANG_ANALYZER_NONNULL = YES;
				CLANG_ANALYZER_NUMBER_OBJECT_CONVERSION = YES_AGGRESSIVE;
				CLANG_CXX_LANGUAGE_STANDARD = "gnu++17";
				CLANG_ENABLE_MODULES = YES;
				CLANG_ENABLE_OBJC_ARC = YES;
				CLANG_ENABLE_OBJC_WEAK = YES;
				CLANG_WARN_BLOCK_CAPTURE_AUTORELEASING = YES;
				CLANG_WARN_BOOL_CONVERSION = YES;
				CLANG_WARN_COMMA = YES;
				CLANG_WARN_CONSTANT_CONVERSION = YES;
				CLANG_WARN_DEPRECATED_OBJC_IMPLEMENTATIONS = YES;
				CLANG_WARN_DIRECT_OBJC_ISA_USAGE = YES_ERROR;
				CLANG_WARN_DOCUMENTATION_COMMENTS = YES;
				CLANG_WARN_EMPTY_BODY = YES;
				CLANG_WARN_ENUM_CONVERSION = YES;
				CLANG_WARN_INFINITE_RECURSION = YES;
				CLANG_WARN_INT_CONVERSION = YES;
				CLANG_WARN_NON_LITERAL_NULL_CONVERSION = YES;
				CLANG_WARN_OBJC_IMPLICIT_RETAIN_SELF = YES;
				CLANG_WARN_OBJC_LITERAL_CONVERSION = YES;
				CLANG_WARN_OBJC_ROOT_CLASS = YES_ERROR;
				CLANG_WARN_QUOTED_INCLUDE_IN_FRAMEWORK_HEADER = YES;
				CLANG_WARN_RANGE_LOOP_ANALYSIS = YES;
				CLANG_WARN_STRICT_PROTOTYPES = YES;
				CLANG_WARN_SUSPICIOUS_MOVE = YES;
				CLANG_WARN_UNGUARDED_AVAILABILITY = YES_AGGRESSIVE;
				CLANG_WARN_UNREACHABLE_CODE = YES;
				CLANG_WARN__DUPLICATE_METHOD_MATCH = YES;
				COPY_PHASE_STRIP = NO;
				DEBUG_INFORMATION_FORMAT = "dwarf-with-dsym";
				ENABLE_NS_ASSERTIONS = NO;
				ENABLE_STRICT_OBJC_MSGSEND = YES;
				GCC_C_LANGUAGE_STANDARD = gnu11;
				GCC_NO_COMMON_BLOCKS = YES;
				GCC_WARN_64_TO_32_BIT_CONVERSION = YES;
				GCC_WARN_ABOUT_RETURN_TYPE = YES_ERROR;
				GCC_WARN_UNDECLARED_SELECTOR = YES;
				GCC_WARN_UNINITIALIZED_AUTOS = YES_AGGRESSIVE;
				GCC_WARN_UNUSED_FUNCTION = YES;
				GCC_WARN_UNUSED_VARIABLE = YES;
				IPHONEOS_DEPLOYMENT_TARGET = 15.5;
				MTL_ENABLE_DEBUG_INFO = NO;
				MTL_FAST_MATH = YES;
				SDKROOT = iphoneos;
				SWIFT_COMPILATION_MODE = wholemodule;
				SWIFT_OPTIMIZATION_LEVEL = "-O";
				VALIDATE_PRODUCT = YES;
			};
			name = Release;
		};
		D9C289022848A9BD00C051E6 /* Debug */ = {
			isa = XCBuildConfiguration;
			buildSettings = {
				ASSETCATALOG_COMPILER_APPICON_NAME = AppIcon;
				ASSETCATALOG_COMPILER_GLOBAL_ACCENT_COLOR_NAME = AccentColor;
				CODE_SIGN_STYLE = Automatic;
				CURRENT_PROJECT_VERSION = 1;
				DEVELOPMENT_ASSET_PATHS = "\"PhotoMeet/Preview Content\"";
				DEVELOPMENT_TEAM = 57M7Y5G5X5;
				ENABLE_PREVIEWS = YES;
				GENERATE_INFOPLIST_FILE = YES;
				INFOPLIST_FILE = PhotoMeet/Info.plist;
				INFOPLIST_KEY_LSApplicationCategoryType = "";
				INFOPLIST_KEY_NSPhotoLibraryUsageDescription = "Read images";
				INFOPLIST_KEY_UIApplicationSceneManifest_Generation = YES;
				INFOPLIST_KEY_UIApplicationSupportsIndirectInputEvents = YES;
				INFOPLIST_KEY_UILaunchScreen_Generation = YES;
				INFOPLIST_KEY_UISupportedInterfaceOrientations_iPad = "UIInterfaceOrientationPortrait UIInterfaceOrientationPortraitUpsideDown UIInterfaceOrientationLandscapeLeft UIInterfaceOrientationLandscapeRight";
				INFOPLIST_KEY_UISupportedInterfaceOrientations_iPhone = "UIInterfaceOrientationPortrait UIInterfaceOrientationLandscapeLeft UIInterfaceOrientationLandscapeRight";
				LD_RUNPATH_SEARCH_PATHS = (
					"$(inherited)",
					"@executable_path/Frameworks",
				);
				MARKETING_VERSION = 1.0;
				PRODUCT_BUNDLE_IDENTIFIER = dev.asilva.PhotoMeet;
				PRODUCT_NAME = "$(TARGET_NAME)";
				SWIFT_EMIT_LOC_STRINGS = YES;
				SWIFT_VERSION = 5.0;
				TARGETED_DEVICE_FAMILY = 1;
			};
			name = Debug;
		};
		D9C289032848A9BD00C051E6 /* Release */ = {
			isa = XCBuildConfiguration;
			buildSettings = {
				ASSETCATALOG_COMPILER_APPICON_NAME = AppIcon;
				ASSETCATALOG_COMPILER_GLOBAL_ACCENT_COLOR_NAME = AccentColor;
				CODE_SIGN_STYLE = Automatic;
				CURRENT_PROJECT_VERSION = 1;
				DEVELOPMENT_ASSET_PATHS = "\"PhotoMeet/Preview Content\"";
				DEVELOPMENT_TEAM = 57M7Y5G5X5;
				ENABLE_PREVIEWS = YES;
				GENERATE_INFOPLIST_FILE = YES;
				INFOPLIST_FILE = PhotoMeet/Info.plist;
				INFOPLIST_KEY_LSApplicationCategoryType = "";
				INFOPLIST_KEY_NSPhotoLibraryUsageDescription = "Read images";
				INFOPLIST_KEY_UIApplicationSceneManifest_Generation = YES;
				INFOPLIST_KEY_UIApplicationSupportsIndirectInputEvents = YES;
				INFOPLIST_KEY_UILaunchScreen_Generation = YES;
				INFOPLIST_KEY_UISupportedInterfaceOrientations_iPad = "UIInterfaceOrientationPortrait UIInterfaceOrientationPortraitUpsideDown UIInterfaceOrientationLandscapeLeft UIInterfaceOrientationLandscapeRight";
				INFOPLIST_KEY_UISupportedInterfaceOrientations_iPhone = "UIInterfaceOrientationPortrait UIInterfaceOrientationLandscapeLeft UIInterfaceOrientationLandscapeRight";
				LD_RUNPATH_SEARCH_PATHS = (
					"$(inherited)",
					"@executable_path/Frameworks",
				);
				MARKETING_VERSION = 1.0;
				PRODUCT_BUNDLE_IDENTIFIER = dev.asilva.PhotoMeet;
				PRODUCT_NAME = "$(TARGET_NAME)";
				SWIFT_EMIT_LOC_STRINGS = YES;
				SWIFT_VERSION = 5.0;
				TARGETED_DEVICE_FAMILY = 1;
			};
			name = Release;
		};
/* End XCBuildConfiguration section */

/* Begin XCConfigurationList section */
		D9C288EE2848A9BA00C051E6 /* Build configuration list for PBXProject "PhotoMeet" */ = {
			isa = XCConfigurationList;
			buildConfigurations = (
				D9C288FF2848A9BD00C051E6 /* Debug */,
				D9C289002848A9BD00C051E6 /* Release */,
			);
			defaultConfigurationIsVisible = 0;
			defaultConfigurationName = Release;
		};
		D9C289012848A9BD00C051E6 /* Build configuration list for PBXNativeTarget "PhotoMeet" */ = {
			isa = XCConfigurationList;
			buildConfigurations = (
				D9C289022848A9BD00C051E6 /* Debug */,
				D9C289032848A9BD00C051E6 /* Release */,
			);
			defaultConfigurationIsVisible = 0;
			defaultConfigurationName = Release;
		};
/* End XCConfigurationList section */
	};
	rootObject = D9C288EB2848A9BA00C051E6 /* Project object */;
}
